--index-url https://pypi.org/simple

annotated-types==0.7.0
    # via
    #   -c requirements/requirements-windows.lock
    #   pydantic
anyio==4.14.1
    # via
    #   -c requirements/requirements-windows.lock
    #   httpx
certifi==2026.6.17
    # via
    #   -c requirements/requirements-windows.lock
    #   httpcore
    #   httpx
    #   requests
charset-normalizer==3.4.7
    # via
    #   -c requirements/requirements-windows.lock
    #   requests
elevenlabs==2.55.0
    # via
    #   -c requirements/requirements-windows.lock
    #   -r requirements/optional/inputs/elevenlabs.in
h11==0.16.0
    # via
    #   -c requirements/requirements-windows.lock
    #   httpcore
httpcore==1.0.9
    # via
    #   -c requirements/requirements-windows.lock
    #   httpx
httpx==0.28.1
    # via
    #   -c requirements/requirements-windows.lock
    #   elevenlabs
idna==3.18
    # via
    #   -c requirements/requirements-windows.lock
    #   anyio
    #   httpx
    #   requests
pydantic==2.13.4
    # via
    #   -c requirements/requirements-windows.lock
    #   elevenlabs
pydantic-core==2.46.4
    # via
    #   -c requirements/requirements-windows.lock
    #   elevenlabs
    #   pydantic
requests==2.34.2
    # via
    #   -c requirements/requirements-windows.lock
    #   elevenlabs
typing-extensions==4.15.0
    # via
    #   -c requirements/requirements-windows.lock
    #   anyio
    #   elevenlabs
    #   pydantic
    #   pydantic-core
    #   typing-inspection
typing-inspection==0.4.2
    # via
    #   -c requirements/requirements-windows.lock
    #   pydantic
urllib3==2.7.0
    # via
    #   -c requirements/requirements-windows.lock
    #   requests
websockets==15.0.1
    # via
    #   -c requirements/requirements-windows.lock
    #   elevenlabs
